
Microsoft Visual Studio Solution File, Format Version 12.00
# Visual Studio Version 17
VisualStudioVersion = 17.9.34622.214
MinimumVisualStudioVersion = 10.0.40219.1
Project("{FAE04EC0-301F-11D3-BF4B-00C04F79EFBC}") = "ApiCs", "ApiCs.csproj", "{D8682F99-7F8A-49E4-98F3-FB8C548CA81A}"
EndProject
Global
	GlobalSection(SolutionConfigurationPlatforms) = preSolution
		Debug|Any CPU = Debug|Any CPU
		Release|Any CPU = Release|Any CPU
	EndGlobalSection
	GlobalSection(ProjectConfigurationPlatforms) = postSolution
		{D8682F99-7F8A-49E4-98F3-FB8C548CA81A}.Debug|Any CPU.ActiveCfg = Debug|Any CPU
		{D8682F99-7F8A-49E4-98F3-FB8C548CA81A}.Debug|Any CPU.Build.0 = Debug|Any CPU
		{D8682F99-7F8A-49E4-98F3-FB8C548CA81A}.Release|Any CPU.ActiveCfg = Release|Any CPU
		{D8682F99-7F8A-49E4-98F3-FB8C548CA81A}.Release|Any CPU.Build.0 = Release|Any CPU
	EndGlobalSection
	GlobalSection(SolutionProperties) = preSolution
		HideSolutionNode = FALSE
	EndGlobalSection
	GlobalSection(ExtensibilityGlobals) = postSolution
		SolutionGuid = {7BAF7423-E2CB-4AF5-8EC7-52132DCAAD7C}
	EndGlobalSection
EndGlobal
